
Microsoft Visual Studio Solution File, Format Version 12.00
# Visual Studio Version 17
VisualStudioVersion = 17.8.34525.116
MinimumVisualStudioVersion = 10.0.40219.1
Project("{FAE04EC0-301F-11D3-BF4B-00C04F79EFBC}") = "AS2324.3G.Prof.CalcolatriceWF", "AS2324.3G.Prof.CalcolatriceWF\AS2324.3G.Prof.CalcolatriceWF.csproj", "{5604B45B-FDBE-49B8-A876-F8AE24AAE75D}"
EndProject
Global
	GlobalSection(SolutionConfigurationPlatforms) = preSolution
		Debug|Any CPU = Debug|Any CPU
		Release|Any CPU = Release|Any CPU
	EndGlobalSection
	GlobalSection(ProjectConfigurationPlatforms) = postSolution
		{5604B45B-FDBE-49B8-A876-F8AE24AAE75D}.Debug|Any CPU.ActiveCfg = Debug|Any CPU
		{5604B45B-FDBE-49B8-A876-F8AE24AAE75D}.Debug|Any CPU.Build.0 = Debug|Any CPU
		{5604B45B-FDBE-49B8-A876-F8AE24AAE75D}.Release|Any CPU.ActiveCfg = Release|Any CPU
		{5604B45B-FDBE-49B8-A876-F8AE24AAE75D}.Release|Any CPU.Build.0 = Release|Any CPU
	EndGlobalSection
	GlobalSection(SolutionProperties) = preSolution
		HideSolutionNode = FALSE
	EndGlobalSection
	GlobalSection(ExtensibilityGlobals) = postSolution
		SolutionGuid = {5AF9FDF9-97FD-419A-B28D-FE5F75D1118C}
	EndGlobalSection
EndGlobal
